// !$*UTF8*$!
{
	archiveVersion = 1;
	classes = {
	};
	objectVersion = 50;
	objects = {

/* Begin PBXBuildFile section */
		303F1D65214A4A8A009FE159 /* MTTiming.swift in Sources */ = {isa = PBXBuildFile; fileRef = 303F1D64214A4A8A009FE159 /* MTTiming.swift */; };
		303F1D67214A5E00009FE159 /* Date+MTExtension.swift in Sources */ = {isa = PBXBuildFile; fileRef = 303F1D66214A5E00009FE159 /* Date+MTExtension.swift */; };
		303F1D69214A5EAB009FE159 /* DateFormatter+MTExtension.swift in Sources */ = {isa = PBXBuildFile; fileRef = 303F1D68214A5EAB009FE159 /* DateFormatter+MTExtension.swift */; };
		303F1D6B214A703D009FE159 /* DispatchQueue.swift in Sources */ = {isa = PBXBuildFile; fileRef = 303F1D6A214A703D009FE159 /* DispatchQueue.swift */; };
		3053D58920F6122800F5FA66 /* UIViewController+MTExtension.swift in Sources */ = {isa = PBXBuildFile; fileRef = 3053D57E20F6122700F5FA66 /* UIViewController+MTExtension.swift */; };
		3053D58A20F6122800F5FA66 /* UIDevice+MTExtension.swift in Sources */ = {isa = PBXBuildFile; fileRef = 3053D57F20F6122700F5FA66 /* UIDevice+MTExtension.swift */; };
		3053D58B20F6122800F5FA66 /* UIApplication+MTExtension.swift in Sources */ = {isa = PBXBuildFile; fileRef = 3053D58020F6122700F5FA66 /* UIApplication+MTExtension.swift */; };
		3053D58C20F6122800F5FA66 /* UIButton+MTExtension.swift in Sources */ = {isa = PBXBuildFile; fileRef = 3053D58120F6122700F5FA66 /* UIButton+MTExtension.swift */; };
		3053D58D20F6122800F5FA66 /* MTDeviceModel.swift in Sources */ = {isa = PBXBuildFile; fileRef = 3053D58320F6122700F5FA66 /* MTDeviceModel.swift */; };
		3053D58E20F6122800F5FA66 /* UIImage+MTExtension.swift in Sources */ = {isa = PBXBuildFile; fileRef = 3053D58420F6122700F5FA66 /* UIImage+MTExtension.swift */; };
		3053D58F20F6122800F5FA66 /* UIView+MTExtension.swift in Sources */ = {isa = PBXBuildFile; fileRef = 3053D58520F6122800F5FA66 /* UIView+MTExtension.swift */; };
		3053D59020F6122800F5FA66 /* UIWindow+MTExtension.swift in Sources */ = {isa = PBXBuildFile; fileRef = 3053D58620F6122800F5FA66 /* UIWindow+MTExtension.swift */; };
		3053D59120F6122800F5FA66 /* UIAlertController+MTExtension.swift in Sources */ = {isa = PBXBuildFile; fileRef = 3053D58720F6122800F5FA66 /* UIAlertController+MTExtension.swift */; };
		3053D59220F6122800F5FA66 /* UIColor+MTExtension.swift in Sources */ = {isa = PBXBuildFile; fileRef = 3053D58820F6122800F5FA66 /* UIColor+MTExtension.swift */; };
		3053D59C20F6125100F5FA66 /* String+MTExtension.swift in Sources */ = {isa = PBXBuildFile; fileRef = 3053D59320F6125000F5FA66 /* String+MTExtension.swift */; };
		3053D59D20F6125100F5FA66 /* CGRect+MTExtension.swift in Sources */ = {isa = PBXBuildFile; fileRef = 3053D59420F6125000F5FA66 /* CGRect+MTExtension.swift */; };
		3053D59E20F6125100F5FA66 /* Bool+MTExtension.swift in Sources */ = {isa = PBXBuildFile; fileRef = 3053D59520F6125000F5FA66 /* Bool+MTExtension.swift */; };
		3053D59F20F6125100F5FA66 /* CGFloat+MTExtension.swift in Sources */ = {isa = PBXBuildFile; fileRef = 3053D59620F6125000F5FA66 /* CGFloat+MTExtension.swift */; };
		3053D5A020F6125100F5FA66 /* Timer+MTExtension.swift in Sources */ = {isa = PBXBuildFile; fileRef = 3053D59720F6125000F5FA66 /* Timer+MTExtension.swift */; };
		3053D5A120F6125100F5FA66 /* UserDefault+MTExtension.swift in Sources */ = {isa = PBXBuildFile; fileRef = 3053D59820F6125000F5FA66 /* UserDefault+MTExtension.swift */; };
		3053D5A220F6125100F5FA66 /* Data+MTExtension.swift in Sources */ = {isa = PBXBuildFile; fileRef = 3053D59920F6125100F5FA66 /* Data+MTExtension.swift */; };
		3053D5A320F6125100F5FA66 /* Character+MTExtension.swift in Sources */ = {isa = PBXBuildFile; fileRef = 3053D59A20F6125100F5FA66 /* Character+MTExtension.swift */; };
		3053D5A420F6125100F5FA66 /* NSObject+MTExtension.swift in Sources */ = {isa = PBXBuildFile; fileRef = 3053D59B20F6125100F5FA66 /* NSObject+MTExtension.swift */; };
		3063F68B20ECCF4A00A54496 /* MTUserDefaultTests.swift in Sources */ = {isa = PBXBuildFile; fileRef = 3063F68A20ECCF4A00A54496 /* MTUserDefaultTests.swift */; };
		30958E04216F4F58004EC232 /* MTNetworkReachabilityManager.swift in Sources */ = {isa = PBXBuildFile; fileRef = 30958E03216F4F58004EC232 /* MTNetworkReachabilityManager.swift */; };
		30958E06216F572A004EC232 /* MTIntTests.swift in Sources */ = {isa = PBXBuildFile; fileRef = 30958E05216F572A004EC232 /* MTIntTests.swift */; };
		30958E08216F8ECA004EC232 /* Double+MTExtension.swift in Sources */ = {isa = PBXBuildFile; fileRef = 30958E07216F8ECA004EC232 /* Double+MTExtension.swift */; };
		30958E09216F8ECA004EC232 /* Double+MTExtension.swift in Sources */ = {isa = PBXBuildFile; fileRef = 30958E07216F8ECA004EC232 /* Double+MTExtension.swift */; };
		309AB0FE21480BE8002EE4D3 /* MTRuntime.swift in Sources */ = {isa = PBXBuildFile; fileRef = 309AB0FD21480BE7002EE4D3 /* MTRuntime.swift */; };
		30AEBCD220E54983005148F9 /* AppDelegate.swift in Sources */ = {isa = PBXBuildFile; fileRef = 30AEBCD120E54983005148F9 /* AppDelegate.swift */; };
		30AEBCD420E54983005148F9 /* ViewController.swift in Sources */ = {isa = PBXBuildFile; fileRef = 30AEBCD320E54983005148F9 /* ViewController.swift */; };
		30AEBCD720E54983005148F9 /* Main.storyboard in Resources */ = {isa = PBXBuildFile; fileRef = 30AEBCD520E54983005148F9 /* Main.storyboard */; };
		30AEBCD920E5498F005148F9 /* Assets.xcassets in Resources */ = {isa = PBXBuildFile; fileRef = 30AEBCD820E5498F005148F9 /* Assets.xcassets */; };
		30AEBCDC20E5498F005148F9 /* LaunchScreen.storyboard in Resources */ = {isa = PBXBuildFile; fileRef = 30AEBCDA20E5498F005148F9 /* LaunchScreen.storyboard */; };
		30AEBCE720E5498F005148F9 /* MTToolDemoTests.swift in Sources */ = {isa = PBXBuildFile; fileRef = 30AEBCE620E5498F005148F9 /* MTToolDemoTests.swift */; };
		30AEBCF220E5498F005148F9 /* MTToolDemoUITests.swift in Sources */ = {isa = PBXBuildFile; fileRef = 30AEBCF120E5498F005148F9 /* MTToolDemoUITests.swift */; };
		30AEBD0420E549B9005148F9 /* MTUniversal.swift in Sources */ = {isa = PBXBuildFile; fileRef = 30AEBD0220E549B8005148F9 /* MTUniversal.swift */; };
		30AEBD0920E55EDB005148F9 /* MTDeviceTests.swift in Sources */ = {isa = PBXBuildFile; fileRef = 30AEBD0820E55EDB005148F9 /* MTDeviceTests.swift */; };
		30D5930420EB4B4800C9491C /* MTNSObjectTests.swift in Sources */ = {isa = PBXBuildFile; fileRef = 30D5930320EB4B4800C9491C /* MTNSObjectTests.swift */; };
		30D5933B20EBBACB00C9491C /* MTStringTests.swift in Sources */ = {isa = PBXBuildFile; fileRef = 30D5933A20EBBACB00C9491C /* MTStringTests.swift */; };
		30D5934320EC777A00C9491C /* MTUIViewControllerTests.swift in Sources */ = {isa = PBXBuildFile; fileRef = 30D5934220EC777A00C9491C /* MTUIViewControllerTests.swift */; };
		30FAF9E4210AF97800B34170 /* UILable+MTExtension.swift in Sources */ = {isa = PBXBuildFile; fileRef = 30FAF9E3210AF97800B34170 /* UILable+MTExtension.swift */; };
		30FAF9E6210B017C00B34170 /* Int+MTExtension.swift in Sources */ = {isa = PBXBuildFile; fileRef = 30FAF9E5210B017B00B34170 /* Int+MTExtension.swift */; };
		E6F6D4C8222D6690008921DD /* MTChangeSystemVolumeView.swift in Sources */ = {isa = PBXBuildFile; fileRef = E6F6D4C7222D6690008921DD /* MTChangeSystemVolumeView.swift */; };
/* End PBXBuildFile section */

/* Begin PBXContainerItemProxy section */
		30AEBCE320E5498F005148F9 /* PBXContainerItemProxy */ = {
			isa = PBXContainerItemProxy;
			containerPortal = 30AEBCC620E54983005148F9 /* Project object */;
			proxyType = 1;
			remoteGlobalIDString = 30AEBCCD20E54983005148F9;
			remoteInfo = MTToolDemo;
		};
		30AEBCEE20E5498F005148F9 /* PBXContainerItemProxy */ = {
			isa = PBXContainerItemProxy;
			containerPortal = 30AEBCC620E54983005148F9 /* Project object */;
			proxyType = 1;
			remoteGlobalIDString = 30AEBCCD20E54983005148F9;
			remoteInfo = MTToolDemo;
		};
/* End PBXContainerItemProxy section */

/* Begin PBXFileReference section */
		303F1D64214A4A8A009FE159 /* MTTiming.swift */ = {isa = PBXFileReference; lastKnownFileType = sourcecode.swift; path = MTTiming.swift; sourceTree = "<group>"; };
		303F1D66214A5E00009FE159 /* Date+MTExtension.swift */ = {isa = PBXFileReference; lastKnownFileType = sourcecode.swift; path = "Date+MTExtension.swift"; sourceTree = "<group>"; };
		303F1D68214A5EAB009FE159 /* DateFormatter+MTExtension.swift */ = {isa = PBXFileReference; lastKnownFileType = sourcecode.swift; path = "DateFormatter+MTExtension.swift"; sourceTree = "<group>"; };
		303F1D6A214A703D009FE159 /* DispatchQueue.swift */ = {isa = PBXFileReference; lastKnownFileType = sourcecode.swift; path = DispatchQueue.swift; sourceTree = "<group>"; };
		3053D57E20F6122700F5FA66 /* UIViewController+MTExtension.swift */ = {isa = PBXFileReference; fileEncoding = 4; lastKnownFileType = sourcecode.swift; path = "UIViewController+MTExtension.swift"; sourceTree = "<group>"; };
		3053D57F20F6122700F5FA66 /* UIDevice+MTExtension.swift */ = {isa = PBXFileReference; fileEncoding = 4; lastKnownFileType = sourcecode.swift; path = "UIDevice+MTExtension.swift"; sourceTree = "<group>"; };
		3053D58020F6122700F5FA66 /* UIApplication+MTExtension.swift */ = {isa = PBXFileReference; fileEncoding = 4; lastKnownFileType = sourcecode.swift; path = "UIApplication+MTExtension.swift"; sourceTree = "<group>"; };
		3053D58120F6122700F5FA66 /* UIButton+MTExtension.swift */ = {isa = PBXFileReference; fileEncoding = 4; lastKnownFileType = sourcecode.swift; path = "UIButton+MTExtension.swift"; sourceTree = "<group>"; };
		3053D58320F6122700F5FA66 /* MTDeviceModel.swift */ = {isa = PBXFileReference; fileEncoding = 4; lastKnownFileType = sourcecode.swift; path = MTDeviceModel.swift; sourceTree = "<group>"; };
		3053D58420F6122700F5FA66 /* UIImage+MTExtension.swift */ = {isa = PBXFileReference; fileEncoding = 4; lastKnownFileType = sourcecode.swift; path = "UIImage+MTExtension.swift"; sourceTree = "<group>"; };
		3053D58520F6122800F5FA66 /* UIView+MTExtension.swift */ = {isa = PBXFileReference; fileEncoding = 4; lastKnownFileType = sourcecode.swift; path = "UIView+MTExtension.swift"; sourceTree = "<group>"; };
		3053D58620F6122800F5FA66 /* UIWindow+MTExtension.swift */ = {isa = PBXFileReference; fileEncoding = 4; lastKnownFileType = sourcecode.swift; path = "UIWindow+MTExtension.swift"; sourceTree = "<group>"; };
		3053D58720F6122800F5FA66 /* UIAlertController+MTExtension.swift */ = {isa = PBXFileReference; fileEncoding = 4; lastKnownFileType = sourcecode.swift; path = "UIAlertController+MTExtension.swift"; sourceTree = "<group>"; };
		3053D58820F6122800F5FA66 /* UIColor+MTExtension.swift */ = {isa = PBXFileReference; fileEncoding = 4; lastKnownFileType = sourcecode.swift; path = "UIColor+MTExtension.swift"; sourceTree = "<group>"; };
		3053D59320F6125000F5FA66 /* String+MTExtension.swift */ = {isa = PBXFileReference; fileEncoding = 4; lastKnownFileType = sourcecode.swift; path = "String+MTExtension.swift"; sourceTree = "<group>"; };
		3053D59420F6125000F5FA66 /* CGRect+MTExtension.swift */ = {isa = PBXFileReference; fileEncoding = 4; lastKnownFileType = sourcecode.swift; path = "CGRect+MTExtension.swift"; sourceTree = "<group>"; };
		3053D59520F6125000F5FA66 /* Bool+MTExtension.swift */ = {isa = PBXFileReference; fileEncoding = 4; lastKnownFileType = sourcecode.swift; path = "Bool+MTExtension.swift"; sourceTree = "<group>"; };
		3053D59620F6125000F5FA66 /* CGFloat+MTExtension.swift */ = {isa = PBXFileReference; fileEncoding = 4; lastKnownFileType = sourcecode.swift; path = "CGFloat+MTExtension.swift"; sourceTree = "<group>"; };
		3053D59720F6125000F5FA66 /* Timer+MTExtension.swift */ = {isa = PBXFileReference; fileEncoding = 4; lastKnownFileType = sourcecode.swift; path = "Timer+MTExtension.swift"; sourceTree = "<group>"; };
		3053D59820F6125000F5FA66 /* UserDefault+MTExtension.swift */ = {isa = PBXFileReference; fileEncoding = 4; lastKnownFileType = sourcecode.swift; path = "UserDefault+MTExtension.swift"; sourceTree = "<group>"; };
		3053D59920F6125100F5FA66 /* Data+MTExtension.swift */ = {isa = PBXFileReference; fileEncoding = 4; lastKnownFileType = sourcecode.swift; path = "Data+MTExtension.swift"; sourceTree = "<group>"; };
		3053D59A20F6125100F5FA66 /* Character+MTExtension.swift */ = {isa = PBXFileReference; fileEncoding = 4; lastKnownFileType = sourcecode.swift; path = "Character+MTExtension.swift"; sourceTree = "<group>"; };
		3053D59B20F6125100F5FA66 /* NSObject+MTExtension.swift */ = {isa = PBXFileReference; fileEncoding = 4; lastKnownFileType = sourcecode.swift; path = "NSObject+MTExtension.swift"; sourceTree = "<group>"; };
		3063F68A20ECCF4A00A54496 /* MTUserDefaultTests.swift */ = {isa = PBXFileReference; lastKnownFileType = sourcecode.swift; path = MTUserDefaultTests.swift; sourceTree = "<group>"; };
		30958E03216F4F58004EC232 /* MTNetworkReachabilityManager.swift */ = {isa = PBXFileReference; fileEncoding = 4; lastKnownFileType = sourcecode.swift; path = MTNetworkReachabilityManager.swift; sourceTree = "<group>"; };
		30958E05216F572A004EC232 /* MTIntTests.swift */ = {isa = PBXFileReference; lastKnownFileType = sourcecode.swift; path = MTIntTests.swift; sourceTree = "<group>"; };
		30958E07216F8ECA004EC232 /* Double+MTExtension.swift */ = {isa = PBXFileReference; lastKnownFileType = sourcecode.swift; path = "Double+MTExtension.swift"; sourceTree = "<group>"; };
		309AB0FD21480BE7002EE4D3 /* MTRuntime.swift */ = {isa = PBXFileReference; fileEncoding = 4; lastKnownFileType = sourcecode.swift; path = MTRuntime.swift; sourceTree = "<group>"; };
		30AEBCCE20E54983005148F9 /* MTToolDemo.app */ = {isa = PBXFileReference; explicitFileType = wrapper.application; includeInIndex = 0; path = MTToolDemo.app; sourceTree = BUILT_PRODUCTS_DIR; };
		30AEBCD120E54983005148F9 /* AppDelegate.swift */ = {isa = PBXFileReference; lastKnownFileType = sourcecode.swift; path = AppDelegate.swift; sourceTree = "<group>"; };
		30AEBCD320E54983005148F9 /* ViewController.swift */ = {isa = PBXFileReference; lastKnownFileType = sourcecode.swift; path = ViewController.swift; sourceTree = "<group>"; };
		30AEBCD620E54983005148F9 /* Base */ = {isa = PBXFileReference; lastKnownFileType = file.storyboard; name = Base; path = Base.lproj/Main.storyboard; sourceTree = "<group>"; };
		30AEBCD820E5498F005148F9 /* Assets.xcassets */ = {isa = PBXFileReference; lastKnownFileType = folder.assetcatalog; path = Assets.xcassets; sourceTree = "<group>"; };
		30AEBCDB20E5498F005148F9 /* Base */ = {isa = PBXFileReference; lastKnownFileType = file.storyboard; name = Base; path = Base.lproj/LaunchScreen.storyboard; sourceTree = "<group>"; };
		30AEBCDD20E5498F005148F9 /* Info.plist */ = {isa = PBXFileReference; lastKnownFileType = text.plist.xml; path = Info.plist; sourceTree = "<group>"; };
		30AEBCE220E5498F005148F9 /* MTToolDemoTests.xctest */ = {isa = PBXFileReference; explicitFileType = wrapper.cfbundle; includeInIndex = 0; path = MTToolDemoTests.xctest; sourceTree = BUILT_PRODUCTS_DIR; };
		30AEBCE620E5498F005148F9 /* MTToolDemoTests.swift */ = {isa = PBXFileReference; lastKnownFileType = sourcecode.swift; path = MTToolDemoTests.swift; sourceTree = "<group>"; };
		30AEBCE820E5498F005148F9 /* Info.plist */ = {isa = PBXFileReference; lastKnownFileType = text.plist.xml; path = Info.plist; sourceTree = "<group>"; };
		30AEBCED20E5498F005148F9 /* MTToolDemoUITests.xctest */ = {isa = PBXFileReference; explicitFileType = wrapper.cfbundle; includeInIndex = 0; path = MTToolDemoUITests.xctest; sourceTree = BUILT_PRODUCTS_DIR; };
		30AEBCF120E5498F005148F9 /* MTToolDemoUITests.swift */ = {isa = PBXFileReference; lastKnownFileType = sourcecode.swift; path = MTToolDemoUITests.swift; sourceTree = "<group>"; };
		30AEBCF320E5498F005148F9 /* Info.plist */ = {isa = PBXFileReference; lastKnownFileType = text.plist.xml; path = Info.plist; sourceTree = "<group>"; };
		30AEBD0220E549B8005148F9 /* MTUniversal.swift */ = {isa = PBXFileReference; fileEncoding = 4; lastKnownFileType = sourcecode.swift; path = MTUniversal.swift; sourceTree = "<group>"; };
		30AEBD0820E55EDB005148F9 /* MTDeviceTests.swift */ = {isa = PBXFileReference; lastKnownFileType = sourcecode.swift; path = MTDeviceTests.swift; sourceTree = "<group>"; };
		30D5930320EB4B4800C9491C /* MTNSObjectTests.swift */ = {isa = PBXFileReference; lastKnownFileType = sourcecode.swift; path = MTNSObjectTests.swift; sourceTree = "<group>"; };
		30D5933A20EBBACB00C9491C /* MTStringTests.swift */ = {isa = PBXFileReference; lastKnownFileType = sourcecode.swift; path = MTStringTests.swift; sourceTree = "<group>"; };
		30D5934220EC777A00C9491C /* MTUIViewControllerTests.swift */ = {isa = PBXFileReference; lastKnownFileType = sourcecode.swift; path = MTUIViewControllerTests.swift; sourceTree = "<group>"; };
		30FAF9E3210AF97800B34170 /* UILable+MTExtension.swift */ = {isa = PBXFileReference; lastKnownFileType = sourcecode.swift; path = "UILable+MTExtension.swift"; sourceTree = "<group>"; };
		30FAF9E5210B017B00B34170 /* Int+MTExtension.swift */ = {isa = PBXFileReference; lastKnownFileType = sourcecode.swift; path = "Int+MTExtension.swift"; sourceTree = "<group>"; };
		E6F6D4C7222D6690008921DD /* MTChangeSystemVolumeView.swift */ = {isa = PBXFileReference; lastKnownFileType = sourcecode.swift; path = MTChangeSystemVolumeView.swift; sourceTree = "<group>"; };
/* End PBXFileReference section */

/* Begin PBXFrameworksBuildPhase section */
		30AEBCCB20E54983005148F9 /* Frameworks */ = {
			isa = PBXFrameworksBuildPhase;
			buildActionMask = 2147483647;
			files = (
			);
			runOnlyForDeploymentPostprocessing = 0;
		};
		30AEBCDF20E5498F005148F9 /* Frameworks */ = {
			isa = PBXFrameworksBuildPhase;
			buildActionMask = 2147483647;
			files = (
			);
			runOnlyForDeploymentPostprocessing = 0;
		};
		30AEBCEA20E5498F005148F9 /* Frameworks */ = {
			isa = PBXFrameworksBuildPhase;
			buildActionMask = 2147483647;
			files = (
			);
			runOnlyForDeploymentPostprocessing = 0;
		};
/* End PBXFrameworksBuildPhase section */

/* Begin PBXGroup section */
		3053D58220F6122700F5FA66 /* Helper */ = {
			isa = PBXGroup;
			children = (
				3053D58320F6122700F5FA66 /* MTDeviceModel.swift */,
			);
			path = Helper;
			sourceTree = "<group>";
		};
		309AB0FC21480B4D002EE4D3 /* Common */ = {
			isa = PBXGroup;
			children = (
				30AEBD0220E549B8005148F9 /* MTUniversal.swift */,
				309AB0FD21480BE7002EE4D3 /* MTRuntime.swift */,
				303F1D64214A4A8A009FE159 /* MTTiming.swift */,
				30958E03216F4F58004EC232 /* MTNetworkReachabilityManager.swift */,
			);
			path = Common;
			sourceTree = "<group>";
		};
		30AEBCC520E54983005148F9 = {
			isa = PBXGroup;
			children = (
				30AEBCFF20E549B8005148F9 /* MTTool */,
				30AEBCD020E54983005148F9 /* MTToolDemo */,
				30AEBCE520E5498F005148F9 /* MTToolDemoTests */,
				30AEBCF020E5498F005148F9 /* MTToolDemoUITests */,
				30AEBCCF20E54983005148F9 /* Products */,
			);
			sourceTree = "<group>";
		};
		30AEBCCF20E54983005148F9 /* Products */ = {
			isa = PBXGroup;
			children = (
				30AEBCCE20E54983005148F9 /* MTToolDemo.app */,
				30AEBCE220E5498F005148F9 /* MTToolDemoTests.xctest */,
				30AEBCED20E5498F005148F9 /* MTToolDemoUITests.xctest */,
			);
			name = Products;
			sourceTree = "<group>";
		};
		30AEBCD020E54983005148F9 /* MTToolDemo */ = {
			isa = PBXGroup;
			children = (
				30AEBCD120E54983005148F9 /* AppDelegate.swift */,
				30AEBCD320E54983005148F9 /* ViewController.swift */,
				30AEBCD520E54983005148F9 /* Main.storyboard */,
				30AEBCD820E5498F005148F9 /* Assets.xcassets */,
				30AEBCDA20E5498F005148F9 /* LaunchScreen.storyboard */,
				30AEBCDD20E5498F005148F9 /* Info.plist */,
			);
			path = MTToolDemo;
			sourceTree = "<group>";
		};
		30AEBCE520E5498F005148F9 /* MTToolDemoTests */ = {
			isa = PBXGroup;
			children = (
				30AEBCE620E5498F005148F9 /* MTToolDemoTests.swift */,
				30AEBD0820E55EDB005148F9 /* MTDeviceTests.swift */,
				30D5930320EB4B4800C9491C /* MTNSObjectTests.swift */,
				30D5933A20EBBACB00C9491C /* MTStringTests.swift */,
				30958E05216F572A004EC232 /* MTIntTests.swift */,
				30D5934220EC777A00C9491C /* MTUIViewControllerTests.swift */,
				3063F68A20ECCF4A00A54496 /* MTUserDefaultTests.swift */,
				30AEBCE820E5498F005148F9 /* Info.plist */,
			);
			path = MTToolDemoTests;
			sourceTree = "<group>";
		};
		30AEBCF020E5498F005148F9 /* MTToolDemoUITests */ = {
			isa = PBXGroup;
			children = (
				30AEBCF120E5498F005148F9 /* MTToolDemoUITests.swift */,
				30AEBCF320E5498F005148F9 /* Info.plist */,
			);
			path = MTToolDemoUITests;
			sourceTree = "<group>";
		};
		30AEBCFF20E549B8005148F9 /* MTTool */ = {
			isa = PBXGroup;
			children = (
				309AB0FC21480B4D002EE4D3 /* Common */,
				30AEBD0020E549B8005148F9 /* Extension */,
				E6F6D4C5222D665C008921DD /* Components */,
			);
			path = MTTool;
			sourceTree = "<group>";
		};
		30AEBD0020E549B8005148F9 /* Extension */ = {
			isa = PBXGroup;
			children = (
				30D592FA20EA728400C9491C /* Foundation */,
				30D592F920EA727B00C9491C /* UI */,
			);
			path = Extension;
			sourceTree = "<group>";
		};
		30D592F920EA727B00C9491C /* UI */ = {
			isa = PBXGroup;
			children = (
				3053D58720F6122800F5FA66 /* UIAlertController+MTExtension.swift */,
				3053D58020F6122700F5FA66 /* UIApplication+MTExtension.swift */,
				3053D58820F6122800F5FA66 /* UIColor+MTExtension.swift */,
				3053D57F20F6122700F5FA66 /* UIDevice+MTExtension.swift */,
				3053D58520F6122800F5FA66 /* UIView+MTExtension.swift */,
				3053D58120F6122700F5FA66 /* UIButton+MTExtension.swift */,
				3053D58420F6122700F5FA66 /* UIImage+MTExtension.swift */,
				30FAF9E3210AF97800B34170 /* UILable+MTExtension.swift */,
				3053D57E20F6122700F5FA66 /* UIViewController+MTExtension.swift */,
				3053D58620F6122800F5FA66 /* UIWindow+MTExtension.swift */,
				3053D58220F6122700F5FA66 /* Helper */,
			);
			path = UI;
			sourceTree = "<group>";
		};
		30D592FA20EA728400C9491C /* Foundation */ = {
			isa = PBXGroup;
			children = (
				3053D59520F6125000F5FA66 /* Bool+MTExtension.swift */,
				3053D59620F6125000F5FA66 /* CGFloat+MTExtension.swift */,
				3053D59420F6125000F5FA66 /* CGRect+MTExtension.swift */,
				30FAF9E5210B017B00B34170 /* Int+MTExtension.swift */,
				30958E07216F8ECA004EC232 /* Double+MTExtension.swift */,
				3053D59A20F6125100F5FA66 /* Character+MTExtension.swift */,
				3053D59920F6125100F5FA66 /* Data+MTExtension.swift */,
				3053D59B20F6125100F5FA66 /* NSObject+MTExtension.swift */,
				3053D59320F6125000F5FA66 /* String+MTExtension.swift */,
				3053D59720F6125000F5FA66 /* Timer+MTExtension.swift */,
				3053D59820F6125000F5FA66 /* UserDefault+MTExtension.swift */,
				303F1D66214A5E00009FE159 /* Date+MTExtension.swift */,
				303F1D68214A5EAB009FE159 /* DateFormatter+MTExtension.swift */,
				303F1D6A214A703D009FE159 /* DispatchQueue.swift */,
			);
			path = Foundation;
			sourceTree = "<group>";
		};
		E62A71682230F59C00302E96 /* SystemEventsMonitoring */ = {
			isa = PBXGroup;
			children = (
			);
			path = SystemEventsMonitoring;
			sourceTree = "<group>";
		};
		E6F6D4C5222D665C008921DD /* Components */ = {
			isa = PBXGroup;
			children = (
				E62A71682230F59C00302E96 /* SystemEventsMonitoring */,
				E6F6D4C6222D666E008921DD /* ChangeSystemVolume */,
			);
			path = Components;
			sourceTree = "<group>";
		};
		E6F6D4C6222D666E008921DD /* ChangeSystemVolume */ = {
			isa = PBXGroup;
			children = (
				E6F6D4C7222D6690008921DD /* MTChangeSystemVolumeView.swift */,
			);
			path = ChangeSystemVolume;
			sourceTree = "<group>";
		};
/* End PBXGroup section */

/* Begin PBXNativeTarget section */
		30AEBCCD20E54983005148F9 /* MTToolDemo */ = {
			isa = PBXNativeTarget;
			buildConfigurationList = 30AEBCF620E5498F005148F9 /* Build configuration list for PBXNativeTarget "MTToolDemo" */;
			buildPhases = (
				30AEBCCA20E54983005148F9 /* Sources */,
				30AEBCCB20E54983005148F9 /* Frameworks */,
				30AEBCCC20E54983005148F9 /* Resources */,
			);
			buildRules = (
			);
			dependencies = (
			);
			name = MTToolDemo;
			productName = MTToolDemo;
			productReference = 30AEBCCE20E54983005148F9 /* MTToolDemo.app */;
			productType = "com.apple.product-type.application";
		};
		30AEBCE120E5498F005148F9 /* MTToolDemoTests */ = {
			isa = PBXNativeTarget;
			buildConfigurationList = 30AEBCF920E5498F005148F9 /* Build configuration list for PBXNativeTarget "MTToolDemoTests" */;
			buildPhases = (
				30AEBCDE20E5498F005148F9 /* Sources */,
				30AEBCDF20E5498F005148F9 /* Frameworks */,
				30AEBCE020E5498F005148F9 /* Resources */,
			);
			buildRules = (
			);
			dependencies = (
				30AEBCE420E5498F005148F9 /* PBXTargetDependency */,
			);
			name = MTToolDemoTests;
			productName = MTToolDemoTests;
			productReference = 30AEBCE220E5498F005148F9 /* MTToolDemoTests.xctest */;
			productType = "com.apple.product-type.bundle.unit-test";
		};
		30AEBCEC20E5498F005148F9 /* MTToolDemoUITests */ = {
			isa = PBXNativeTarget;
			buildConfigurationList = 30AEBCFC20E5498F005148F9 /* Build configuration list for PBXNativeTarget "MTToolDemoUITests" */;
			buildPhases = (
				30AEBCE920E5498F005148F9 /* Sources */,
				30AEBCEA20E5498F005148F9 /* Frameworks */,
				30AEBCEB20E5498F005148F9 /* Resources */,
			);
			buildRules = (
			);
			dependencies = (
				30AEBCEF20E5498F005148F9 /* PBXTargetDependency */,
			);
			name = MTToolDemoUITests;
			productName = MTToolDemoUITests;
			productReference = 30AEBCED20E5498F005148F9 /* MTToolDemoUITests.xctest */;
			productType = "com.apple.product-type.bundle.ui-testing";
		};
/* End PBXNativeTarget section */

/* Begin PBXProject section */
		30AEBCC620E54983005148F9 /* Project object */ = {
			isa = PBXProject;
			attributes = {
				LastSwiftUpdateCheck = 0940;
				LastUpgradeCheck = 0940;
				ORGANIZATIONNAME = Nolan;
				TargetAttributes = {
					30AEBCCD20E54983005148F9 = {
						CreatedOnToolsVersion = 9.4;
					};
					30AEBCE120E5498F005148F9 = {
						CreatedOnToolsVersion = 9.4;
						TestTargetID = 30AEBCCD20E54983005148F9;
					};
					30AEBCEC20E5498F005148F9 = {
						CreatedOnToolsVersion = 9.4;
						TestTargetID = 30AEBCCD20E54983005148F9;
					};
				};
			};
			buildConfigurationList = 30AEBCC920E54983005148F9 /* Build configuration list for PBXProject "MTToolDemo" */;
			compatibilityVersion = "Xcode 9.3";
			developmentRegion = en;
			hasScannedForEncodings = 0;
			knownRegions = (
				en,
				Base,
			);
			mainGroup = 30AEBCC520E54983005148F9;
			productRefGroup = 30AEBCCF20E54983005148F9 /* Products */;
			projectDirPath = "";
			projectRoot = "";
			targets = (
				30AEBCCD20E54983005148F9 /* MTToolDemo */,
				30AEBCE120E5498F005148F9 /* MTToolDemoTests */,
				30AEBCEC20E5498F005148F9 /* MTToolDemoUITests */,
			);
		};
/* End PBXProject section */

/* Begin PBXResourcesBuildPhase section */
		30AEBCCC20E54983005148F9 /* Resources */ = {
			isa = PBXResourcesBuildPhase;
			buildActionMask = 2147483647;
			files = (
				30AEBCDC20E5498F005148F9 /* LaunchScreen.storyboard in Resources */,
				30AEBCD920E5498F005148F9 /* Assets.xcassets in Resources */,
				30AEBCD720E54983005148F9 /* Main.storyboard in Resources */,
			);
			runOnlyForDeploymentPostprocessing = 0;
		};
		30AEBCE020E5498F005148F9 /* Resources */ = {
			isa = PBXResourcesBuildPhase;
			buildActionMask = 2147483647;
			files = (
			);
			runOnlyForDeploymentPostprocessing = 0;
		};
		30AEBCEB20E5498F005148F9 /* Resources */ = {
			isa = PBXResourcesBuildPhase;
			buildActionMask = 2147483647;
			files = (
			);
			runOnlyForDeploymentPostprocessing = 0;
		};
/* End PBXResourcesBuildPhase section */

/* Begin PBXSourcesBuildPhase section */
		30AEBCCA20E54983005148F9 /* Sources */ = {
			isa = PBXSourcesBuildPhase;
			buildActionMask = 2147483647;
			files = (
				303F1D6B214A703D009FE159 /* DispatchQueue.swift in Sources */,
				3053D5A420F6125100F5FA66 /* NSObject+MTExtension.swift in Sources */,
				3053D58D20F6122800F5FA66 /* MTDeviceModel.swift in Sources */,
				3053D58A20F6122800F5FA66 /* UIDevice+MTExtension.swift in Sources */,
				30FAF9E4210AF97800B34170 /* UILable+MTExtension.swift in Sources */,
				303F1D67214A5E00009FE159 /* Date+MTExtension.swift in Sources */,
				3053D59F20F6125100F5FA66 /* CGFloat+MTExtension.swift in Sources */,
				30AEBCD420E54983005148F9 /* ViewController.swift in Sources */,
				3053D5A220F6125100F5FA66 /* Data+MTExtension.swift in Sources */,
				3053D59020F6122800F5FA66 /* UIWindow+MTExtension.swift in Sources */,
				30958E04216F4F58004EC232 /* MTNetworkReachabilityManager.swift in Sources */,
				3053D59D20F6125100F5FA66 /* CGRect+MTExtension.swift in Sources */,
				30AEBD0420E549B9005148F9 /* MTUniversal.swift in Sources */,
				3053D59E20F6125100F5FA66 /* Bool+MTExtension.swift in Sources */,
				3053D58C20F6122800F5FA66 /* UIButton+MTExtension.swift in Sources */,
				30AEBCD220E54983005148F9 /* AppDelegate.swift in Sources */,
				3053D5A020F6125100F5FA66 /* Timer+MTExtension.swift in Sources */,
				3053D59C20F6125100F5FA66 /* String+MTExtension.swift in Sources */,
				3053D58F20F6122800F5FA66 /* UIView+MTExtension.swift in Sources */,
				303F1D69214A5EAB009FE159 /* DateFormatter+MTExtension.swift in Sources */,
				303F1D65214A4A8A009FE159 /* MTTiming.swift in Sources */,
				30958E08216F8ECA004EC232 /* Double+MTExtension.swift in Sources */,
				3053D59220F6122800F5FA66 /* UIColor+MTExtension.swift in Sources */,
				3053D58B20F6122800F5FA66 /* UIApplication+MTExtension.swift in Sources */,
				E6F6D4C8222D6690008921DD /* MTChangeSystemVolumeView.swift in Sources */,
				3053D59120F6122800F5FA66 /* UIAlertController+MTExtension.swift in Sources */,
				3053D5A120F6125100F5FA66 /* UserDefault+MTExtension.swift in Sources */,
				30FAF9E6210B017C00B34170 /* Int+MTExtension.swift in Sources */,
				3053D5A320F6125100F5FA66 /* Character+MTExtension.swift in Sources */,
				3053D58920F6122800F5FA66 /* UIViewController+MTExtension.swift in Sources */,
				3053D58E20F6122800F5FA66 /* UIImage+MTExtension.swift in Sources */,
				309AB0FE21480BE8002EE4D3 /* MTRuntime.swift in Sources */,
			);
			runOnlyForDeploymentPostprocessing = 0;
		};
		30AEBCDE20E5498F005148F9 /* Sources */ = {
			isa = PBXSourcesBuildPhase;
			buildActionMask = 2147483647;
			files = (
				30958E06216F572A004EC232 /* MTIntTests.swift in Sources */,
				3063F68B20ECCF4A00A54496 /* MTUserDefaultTests.swift in Sources */,
				30AEBD0920E55EDB005148F9 /* MTDeviceTests.swift in Sources */,
				30D5933B20EBBACB00C9491C /* MTStringTests.swift in Sources */,
				30D5934320EC777A00C9491C /* MTUIViewControllerTests.swift in Sources */,
				30D5930420EB4B4800C9491C /* MTNSObjectTests.swift in Sources */,
				30AEBCE720E5498F005148F9 /* MTToolDemoTests.swift in Sources */,
				30958E09216F8ECA004EC232 /* Double+MTExtension.swift in Sources */,
			);
			runOnlyForDeploymentPostprocessing = 0;
		};
		30AEBCE920E5498F005148F9 /* Sources */ = {
			isa = PBXSourcesBuildPhase;
			buildActionMask = 2147483647;
			files = (
				30AEBCF220E5498F005148F9 /* MTToolDemoUITests.swift in Sources */,
			);
			runOnlyForDeploymentPostprocessing = 0;
		};
/* End PBXSourcesBuildPhase section */

/* Begin PBXTargetDependency section */
		30AEBCE420E5498F005148F9 /* PBXTargetDependency */ = {
			isa = PBXTargetDependency;
			target = 30AEBCCD20E54983005148F9 /* MTToolDemo */;
			targetProxy = 30AEBCE320E5498F005148F9 /* PBXContainerItemProxy */;
		};
		30AEBCEF20E5498F005148F9 /* PBXTargetDependency */ = {
			isa = PBXTargetDependency;
			target = 30AEBCCD20E54983005148F9 /* MTToolDemo */;
			targetProxy = 30AEBCEE20E5498F005148F9 /* PBXContainerItemProxy */;
		};
/* End PBXTargetDependency section */

/* Begin PBXVariantGroup section */
		30AEBCD520E54983005148F9 /* Main.storyboard */ = {
			isa = PBXVariantGroup;
			children = (
				30AEBCD620E54983005148F9 /* Base */,
			);
			name = Main.storyboard;
			sourceTree = "<group>";
		};
		30AEBCDA20E5498F005148F9 /* LaunchScreen.storyboard */ = {
			isa = PBXVariantGroup;
			children = (
				30AEBCDB20E5498F005148F9 /* Base */,
			);
			name = LaunchScreen.storyboard;
			sourceTree = "<group>";
		};
/* End PBXVariantGroup section */

/* Begin XCBuildConfiguration section */
		30AEBCF420E5498F005148F9 /* Debug */ = {
			isa = XCBuildConfiguration;
			buildSettings = {
				ALWAYS_SEARCH_USER_PATHS = NO;
				CLANG_ANALYZER_NONNULL = YES;
				CLANG_ANALYZER_NUMBER_OBJECT_CONVERSION = YES_AGGRESSIVE;
				CLANG_CXX_LANGUAGE_STANDARD = "gnu++14";
				CLANG_CXX_LIBRARY = "libc++";
				CLANG_ENABLE_MODULES = YES;
				CLANG_ENABLE_OBJC_ARC = YES;
				CLANG_ENABLE_OBJC_WEAK = YES;
				CLANG_WARN_BLOCK_CAPTURE_AUTORELEASING = YES;
				CLANG_WARN_BOOL_CONVERSION = YES;
				CLANG_WARN_COMMA = YES;
				CLANG_WARN_CONSTANT_CONVERSION = YES;
				CLANG_WARN_DEPRECATED_OBJC_IMPLEMENTATIONS = YES;
				CLANG_WARN_DIRECT_OBJC_ISA_USAGE = YES_ERROR;
				CLANG_WARN_DOCUMENTATION_COMMENTS = YES;
				CLANG_WARN_EMPTY_BODY = YES;
				CLANG_WARN_ENUM_CONVERSION = YES;
				CLANG_WARN_INFINITE_RECURSION = YES;
				CLANG_WARN_INT_CONVERSION = YES;
				CLANG_WARN_NON_LITERAL_NULL_CONVERSION = YES;
				CLANG_WARN_OBJC_IMPLICIT_RETAIN_SELF = YES;
				CLANG_WARN_OBJC_LITERAL_CONVERSION = YES;
				CLANG_WARN_OBJC_ROOT_CLASS = YES_ERROR;
				CLANG_WARN_RANGE_LOOP_ANALYSIS = YES;
				CLANG_WARN_STRICT_PROTOTYPES = YES;
				CLANG_WARN_SUSPICIOUS_MOVE = YES;
				CLANG_WARN_UNGUARDED_AVAILABILITY = YES_AGGRESSIVE;
				CLANG_WARN_UNREACHABLE_CODE = YES;
				CLANG_WARN__DUPLICATE_METHOD_MATCH = YES;
				CODE_SIGN_IDENTITY = "iPhone Developer";
				COPY_PHASE_STRIP = NO;
				DEBUG_INFORMATION_FORMAT = dwarf;
				ENABLE_STRICT_OBJC_MSGSEND = YES;
				ENABLE_TESTABILITY = YES;
				GCC_C_LANGUAGE_STANDARD = gnu11;
				GCC_DYNAMIC_NO_PIC = NO;
				GCC_NO_COMMON_BLOCKS = YES;
				GCC_OPTIMIZATION_LEVEL = 0;
				GCC_PREPROCESSOR_DEFINITIONS = (
					"DEBUG=1",
					"$(inherited)",
				);
				GCC_WARN_64_TO_32_BIT_CONVERSION = YES;
				GCC_WARN_ABOUT_RETURN_TYPE = YES_ERROR;
				GCC_WARN_UNDECLARED_SELECTOR = YES;
				GCC_WARN_UNINITIALIZED_AUTOS = YES_AGGRESSIVE;
				GCC_WARN_UNUSED_FUNCTION = YES;
				GCC_WARN_UNUSED_VARIABLE = YES;
				IPHONEOS_DEPLOYMENT_TARGET = 11.4;
				MTL_ENABLE_DEBUG_INFO = YES;
				ONLY_ACTIVE_ARCH = YES;
				SDKROOT = iphoneos;
				SWIFT_ACTIVE_COMPILATION_CONDITIONS = DEBUG;
				SWIFT_OPTIMIZATION_LEVEL = "-Onone";
			};
			name = Debug;
		};
		30AEBCF520E5498F005148F9 /* Release */ = {
			isa = XCBuildConfiguration;
			buildSettings = {
				ALWAYS_SEARCH_USER_PATHS = NO;
				CLANG_ANALYZER_NONNULL = YES;
				CLANG_ANALYZER_NUMBER_OBJECT_CONVERSION = YES_AGGRESSIVE;
				CLANG_CXX_LANGUAGE_STANDARD = "gnu++14";
				CLANG_CXX_LIBRARY = "libc++";
				CLANG_ENABLE_MODULES = YES;
				CLANG_ENABLE_OBJC_ARC = YES;
				CLANG_ENABLE_OBJC_WEAK = YES;
				CLANG_WARN_BLOCK_CAPTURE_AUTORELEASING = YES;
				CLANG_WARN_BOOL_CONVERSION = YES;
				CLANG_WARN_COMMA = YES;
				CLANG_WARN_CONSTANT_CONVERSION = YES;
				CLANG_WARN_DEPRECATED_OBJC_IMPLEMENTATIONS = YES;
				CLANG_WARN_DIRECT_OBJC_ISA_USAGE = YES_ERROR;
				CLANG_WARN_DOCUMENTATION_COMMENTS = YES;
				CLANG_WARN_EMPTY_BODY = YES;
				CLANG_WARN_ENUM_CONVERSION = YES;
				CLANG_WARN_INFINITE_RECURSION = YES;
				CLANG_WARN_INT_CONVERSION = YES;
				CLANG_WARN_NON_LITERAL_NULL_CONVERSION = YES;
				CLANG_WARN_OBJC_IMPLICIT_RETAIN_SELF = YES;
				CLANG_WARN_OBJC_LITERAL_CONVERSION = YES;
				CLANG_WARN_OBJC_ROOT_CLASS = YES_ERROR;
				CLANG_WARN_RANGE_LOOP_ANALYSIS = YES;
				CLANG_WARN_STRICT_PROTOTYPES = YES;
				CLANG_WARN_SUSPICIOUS_MOVE = YES;
				CLANG_WARN_UNGUARDED_AVAILABILITY = YES_AGGRESSIVE;
				CLANG_WARN_UNREACHABLE_CODE = YES;
				CLANG_WARN__DUPLICATE_METHOD_MATCH = YES;
				CODE_SIGN_IDENTITY = "iPhone Developer";
				COPY_PHASE_STRIP = NO;
				DEBUG_INFORMATION_FORMAT = "dwarf-with-dsym";
				ENABLE_NS_ASSERTIONS = NO;
				ENABLE_STRICT_OBJC_MSGSEND = YES;
				GCC_C_LANGUAGE_STANDARD = gnu11;
				GCC_NO_COMMON_BLOCKS = YES;
				GCC_WARN_64_TO_32_BIT_CONVERSION = YES;
				GCC_WARN_ABOUT_RETURN_TYPE = YES_ERROR;
				GCC_WARN_UNDECLARED_SELECTOR = YES;
				GCC_WARN_UNINITIALIZED_AUTOS = YES_AGGRESSIVE;
				GCC_WARN_UNUSED_FUNCTION = YES;
				GCC_WARN_UNUSED_VARIABLE = YES;
				IPHONEOS_DEPLOYMENT_TARGET = 11.4;
				MTL_ENABLE_DEBUG_INFO = NO;
				SDKROOT = iphoneos;
				SWIFT_COMPILATION_MODE = wholemodule;
				SWIFT_OPTIMIZATION_LEVEL = "-O";
				VALIDATE_PRODUCT = YES;
			};
			name = Release;
		};
		30AEBCF720E5498F005148F9 /* Debug */ = {
			isa = XCBuildConfiguration;
			buildSettings = {
				ASSETCATALOG_COMPILER_APPICON_NAME = AppIcon;
				CODE_SIGN_STYLE = Automatic;
				DEVELOPMENT_TEAM = 82XGZDMK99;
				INFOPLIST_FILE = MTToolDemo/Info.plist;
				IPHONEOS_DEPLOYMENT_TARGET = 9.0;
				LD_RUNPATH_SEARCH_PATHS = (
					"$(inherited)",
					"@executable_path/Frameworks",
				);
				PRODUCT_BUNDLE_IDENTIFIER = com.nolan.www.MTToolDemo;
				PRODUCT_NAME = "$(TARGET_NAME)";
				SWIFT_VERSION = 4.0;
				TARGETED_DEVICE_FAMILY = "1,2";
			};
			name = Debug;
		};
		30AEBCF820E5498F005148F9 /* Release */ = {
			isa = XCBuildConfiguration;
			buildSettings = {
				ASSETCATALOG_COMPILER_APPICON_NAME = AppIcon;
				CODE_SIGN_STYLE = Automatic;
				DEVELOPMENT_TEAM = 82XGZDMK99;
				INFOPLIST_FILE = MTToolDemo/Info.plist;
				IPHONEOS_DEPLOYMENT_TARGET = 9.0;
				LD_RUNPATH_SEARCH_PATHS = (
					"$(inherited)",
					"@executable_path/Frameworks",
				);
				PRODUCT_BUNDLE_IDENTIFIER = com.nolan.www.MTToolDemo;
				PRODUCT_NAME = "$(TARGET_NAME)";
				SWIFT_VERSION = 4.0;
				TARGETED_DEVICE_FAMILY = "1,2";
			};
			name = Release;
		};
		30AEBCFA20E5498F005148F9 /* Debug */ = {
			isa = XCBuildConfiguration;
			buildSettings = {
				ALWAYS_EMBED_SWIFT_STANDARD_LIBRARIES = YES;
				BUNDLE_LOADER = "$(TEST_HOST)";
				CODE_SIGN_STYLE = Automatic;
				DEVELOPMENT_TEAM = 82XGZDMK99;
				INFOPLIST_FILE = MTToolDemoTests/Info.plist;
				LD_RUNPATH_SEARCH_PATHS = (
					"$(inherited)",
					"@executable_path/Frameworks",
					"@loader_path/Frameworks",
				);
				PRODUCT_BUNDLE_IDENTIFIER = com.nolan.www.MTToolDemoTests;
				PRODUCT_NAME = "$(TARGET_NAME)";
				SWIFT_VERSION = 4.0;
				TARGETED_DEVICE_FAMILY = "1,2";
				TEST_HOST = "$(BUILT_PRODUCTS_DIR)/MTToolDemo.app/MTToolDemo";
			};
			name = Debug;
		};
		30AEBCFB20E5498F005148F9 /* Release */ = {
			isa = XCBuildConfiguration;
			buildSettings = {
				ALWAYS_EMBED_SWIFT_STANDARD_LIBRARIES = YES;
				BUNDLE_LOADER = "$(TEST_HOST)";
				CODE_SIGN_STYLE = Automatic;
				DEVELOPMENT_TEAM = 82XGZDMK99;
				INFOPLIST_FILE = MTToolDemoTests/Info.plist;
				LD_RUNPATH_SEARCH_PATHS = (
					"$(inherited)",
					"@executable_path/Frameworks",
					"@loader_path/Frameworks",
				);
				PRODUCT_BUNDLE_IDENTIFIER = com.nolan.www.MTToolDemoTests;
				PRODUCT_NAME = "$(TARGET_NAME)";
				SWIFT_VERSION = 4.0;
				TARGETED_DEVICE_FAMILY = "1,2";
				TEST_HOST = "$(BUILT_PRODUCTS_DIR)/MTToolDemo.app/MTToolDemo";
			};
			name = Release;
		};
		30AEBCFD20E5498F005148F9 /* Debug */ = {
			isa = XCBuildConfiguration;
			buildSettings = {
				ALWAYS_EMBED_SWIFT_STANDARD_LIBRARIES = YES;
				CODE_SIGN_STYLE = Automatic;
				DEVELOPMENT_TEAM = 82XGZDMK99;
				INFOPLIST_FILE = MTToolDemoUITests/Info.plist;
				LD_RUNPATH_SEARCH_PATHS = (
					"$(inherited)",
					"@executable_path/Frameworks",
					"@loader_path/Frameworks",
				);
				PRODUCT_BUNDLE_IDENTIFIER = com.nolan.www.MTToolDemoUITests;
				PRODUCT_NAME = "$(TARGET_NAME)";
				SWIFT_VERSION = 4.0;
				TARGETED_DEVICE_FAMILY = "1,2";
				TEST_TARGET_NAME = MTToolDemo;
			};
			name = Debug;
		};
		30AEBCFE20E5498F005148F9 /* Release */ = {
			isa = XCBuildConfiguration;
			buildSettings = {
				ALWAYS_EMBED_SWIFT_STANDARD_LIBRARIES = YES;
				CODE_SIGN_STYLE = Automatic;
				DEVELOPMENT_TEAM = 82XGZDMK99;
				INFOPLIST_FILE = MTToolDemoUITests/Info.plist;
				LD_RUNPATH_SEARCH_PATHS = (
					"$(inherited)",
					"@executable_path/Frameworks",
					"@loader_path/Frameworks",
				);
				PRODUCT_BUNDLE_IDENTIFIER = com.nolan.www.MTToolDemoUITests;
				PRODUCT_NAME = "$(TARGET_NAME)";
				SWIFT_VERSION = 4.0;
				TARGETED_DEVICE_FAMILY = "1,2";
				TEST_TARGET_NAME = MTToolDemo;
			};
			name = Release;
		};
/* End XCBuildConfiguration section */

/* Begin XCConfigurationList section */
		30AEBCC920E54983005148F9 /* Build configuration list for PBXProject "MTToolDemo" */ = {
			isa = XCConfigurationList;
			buildConfigurations = (
				30AEBCF420E5498F005148F9 /* Debug */,
				30AEBCF520E5498F005148F9 /* Release */,
			);
			defaultConfigurationIsVisible = 0;
			defaultConfigurationName = Release;
		};
		30AEBCF620E5498F005148F9 /* Build configuration list for PBXNativeTarget "MTToolDemo" */ = {
			isa = XCConfigurationList;
			buildConfigurations = (
				30AEBCF720E5498F005148F9 /* Debug */,
				30AEBCF820E5498F005148F9 /* Release */,
			);
			defaultConfigurationIsVisible = 0;
			defaultConfigurationName = Release;
		};
		30AEBCF920E5498F005148F9 /* Build configuration list for PBXNativeTarget "MTToolDemoTests" */ = {
			isa = XCConfigurationList;
			buildConfigurations = (
				30AEBCFA20E5498F005148F9 /* Debug */,
				30AEBCFB20E5498F005148F9 /* Release */,
			);
			defaultConfigurationIsVisible = 0;
			defaultConfigurationName = Release;
		};
		30AEBCFC20E5498F005148F9 /* Build configuration list for PBXNativeTarget "MTToolDemoUITests" */ = {
			isa = XCConfigurationList;
			buildConfigurations = (
				30AEBCFD20E5498F005148F9 /* Debug */,
				30AEBCFE20E5498F005148F9 /* Release */,
			);
			defaultConfigurationIsVisible = 0;
			defaultConfigurationName = Release;
		};
/* End XCConfigurationList section */
	};
	rootObject = 30AEBCC620E54983005148F9 /* Project object */;
}
